
Microsoft Visual Studio Solution File, Format Version 12.00
# Visual Studio Version 17
VisualStudioVersion = 17.3.32819.101
MinimumVisualStudioVersion = 10.0.40219.1
Project("{FAE04EC0-301F-11D3-BF4B-00C04F79EFBC}") = "bumbo.poc.web", "bumbo.poc.web\bumbo.poc.web.csproj", "{C8AE3BD5-285F-44D0-8A82-ABF2FAA138F1}"
EndProject
Project("{FAE04EC0-301F-11D3-BF4B-00C04F79EFBC}") = "bumbo.poc.data", "bumbo.poc.data\bumbo.poc.data.csproj", "{AF63E5E6-DC72-4A2D-B68E-1105D4E4A773}"
EndProject
Project("{FAE04EC0-301F-11D3-BF4B-00C04F79EFBC}") = "bumbo.poc.business", "bumbo.poc.business\bumbo.poc.business.csproj", "{ACC6198E-9893-4679-ABBE-43DE0D8A1B63}"
EndProject
Global
	GlobalSection(SolutionConfigurationPlatforms) = preSolution
		Debug|Any CPU = Debug|Any CPU
		Release|Any CPU = Release|Any CPU
	EndGlobalSection
	GlobalSection(ProjectConfigurationPlatforms) = postSolution
		{C8AE3BD5-285F-44D0-8A82-ABF2FAA138F1}.Debug|Any CPU.ActiveCfg = Debug|Any CPU
		{C8AE3BD5-285F-44D0-8A82-ABF2FAA138F1}.Debug|Any CPU.Build.0 = Debug|Any CPU
		{C8AE3BD5-285F-44D0-8A82-ABF2FAA138F1}.Release|Any CPU.ActiveCfg = Release|Any CPU
		{C8AE3BD5-285F-44D0-8A82-ABF2FAA138F1}.Release|Any CPU.Build.0 = Release|Any CPU
		{AF63E5E6-DC72-4A2D-B68E-1105D4E4A773}.Debug|Any CPU.ActiveCfg = Debug|Any CPU
		{AF63E5E6-DC72-4A2D-B68E-1105D4E4A773}.Debug|Any CPU.Build.0 = Debug|Any CPU
		{AF63E5E6-DC72-4A2D-B68E-1105D4E4A773}.Release|Any CPU.ActiveCfg = Release|Any CPU
		{AF63E5E6-DC72-4A2D-B68E-1105D4E4A773}.Release|Any CPU.Build.0 = Release|Any CPU
		{ACC6198E-9893-4679-ABBE-43DE0D8A1B63}.Debug|Any CPU.ActiveCfg = Debug|Any CPU
		{ACC6198E-9893-4679-ABBE-43DE0D8A1B63}.Debug|Any CPU.Build.0 = Debug|Any CPU
		{ACC6198E-9893-4679-ABBE-43DE0D8A1B63}.Release|Any CPU.ActiveCfg = Release|Any CPU
		{ACC6198E-9893-4679-ABBE-43DE0D8A1B63}.Release|Any CPU.Build.0 = Release|Any CPU
	EndGlobalSection
	GlobalSection(SolutionProperties) = preSolution
		HideSolutionNode = FALSE
	EndGlobalSection
	GlobalSection(ExtensibilityGlobals) = postSolution
		SolutionGuid = {D40E5083-7A1B-443F-A204-57EFC4C7606C}
	EndGlobalSection
EndGlobal
